{
  "name": "markov-pwgen",
  "version": "2.1.5",
  "lockfileVersion": 3,
  "requires": true,
  "packages": {
    "": {
      "name": "markov-pwgen",
      "version": "2.1.5",
      "hasInstallScript": true,
      "license": "MIT",
      "dependencies": {
        "foswig": "^3.0.1",
        "piscina": "^4.1.0"
      },
      "bin": {
        "markov-pwgen": "bin/markov-pwgen.js"
      },
      "engines": {
        "node": ">=20.0.0"
      }
    },
    "node_modules/@assemblyscript/loader": {
      "version": "0.10.1",
      "resolved": "https://registry.npmjs.org/@assemblyscript/loader/-/loader-0.10.1.tgz",
      "integrity": "sha512-H71nDOOL8Y7kWRLqf6Sums+01Q5msqBW2KhDUTemh1tvY04eSkSXrK0uj/4mmY0Xr16/3zyZmsrxN7CKuRbNRg=="
    },
    "node_modules/base64-js": {
      "version": "1.5.1",
      "resolved": "https://registry.npmjs.org/base64-js/-/base64-js-1.5.1.tgz",
      "integrity": "sha512-AKpaYlHn8t4SVbOHCy+b5+KKgvR4vrsD8vbvrbiQJps7fKDTkjkDry6ji0rUJjC0kzbNePLwzxq8iypo41qeWA==",
      "funding": [
        {
          "type": "github",
          "url": "https://github.com/sponsors/feross"
        },
        {
          "type": "patreon",
          "url": "https://www.patreon.com/feross"
        },
        {
          "type": "consulting",
          "url": "https://feross.org/support"
        }
      ]
    },
    "node_modules/eventemitter-asyncresource": {
      "version": "1.0.0",
      "resolved": "https://registry.npmjs.org/eventemitter-asyncresource/-/eventemitter-asyncresource-1.0.0.tgz",
      "integrity": "sha512-39F7TBIV0G7gTelxwbEqnwhp90eqCPON1k0NwNfwhgKn4Co4ybUbj2pECcXT0B3ztRKZ7Pw1JujUUgmQJHcVAQ=="
    },
    "node_modules/foswig": {
      "version": "3.0.1",
      "resolved": "https://registry.npmjs.org/foswig/-/foswig-3.0.1.tgz",
      "integrity": "sha512-dYTbKXy9P1TEaRZWfoaBTczAVfIYHNi071wqXgd2oZMTBR3QtzfsrU6jHODGI2nCeQmcPCNc0tUCrTH6y4fe9A=="
    },
    "node_modules/hdr-histogram-js": {
      "version": "2.0.3",
      "resolved": "https://registry.npmjs.org/hdr-histogram-js/-/hdr-histogram-js-2.0.3.tgz",
      "integrity": "sha512-Hkn78wwzWHNCp2uarhzQ2SGFLU3JY8SBDDd3TAABK4fc30wm+MuPOrg5QVFVfkKOQd6Bfz3ukJEI+q9sXEkK1g==",
      "dependencies": {
        "@assemblyscript/loader": "^0.10.1",
        "base64-js": "^1.2.0",
        "pako": "^1.0.3"
      }
    },
    "node_modules/hdr-histogram-percentiles-obj": {
      "version": "3.0.0",
      "resolved": "https://registry.npmjs.org/hdr-histogram-percentiles-obj/-/hdr-histogram-percentiles-obj-3.0.0.tgz",
      "integrity": "sha512-7kIufnBqdsBGcSZLPJwqHT3yhk1QTsSlFsVD3kx5ixH/AlgBs9yM1q6DPhXZ8f8gtdqgh7N7/5btRLpQsS2gHw=="
    },
    "node_modules/nice-napi": {
      "version": "1.0.2",
      "resolved": "https://registry.npmjs.org/nice-napi/-/nice-napi-1.0.2.tgz",
      "integrity": "sha512-px/KnJAJZf5RuBGcfD+Sp2pAKq0ytz8j+1NehvgIGFkvtvFrDM3T8E4x/JJODXK9WZow8RRGrbA9QQ3hs+pDhA==",
      "hasInstallScript": true,
      "optional": true,
      "os": [
        "!win32"
      ],
      "dependencies": {
        "node-addon-api": "^3.0.0",
        "node-gyp-build": "^4.2.2"
      }
    },
    "node_modules/node-addon-api": {
      "version": "3.2.1",
      "resolved": "https://registry.npmjs.org/node-addon-api/-/node-addon-api-3.2.1.tgz",
      "integrity": "sha512-mmcei9JghVNDYydghQmeDX8KoAm0FAiYyIcUt/N4nhyAipB17pllZQDOJD2fotxABnt4Mdz+dKTO7eftLg4d0A==",
      "optional": true
    },
    "node_modules/node-gyp-build": {
      "version": "4.6.1",
      "resolved": "https://registry.npmjs.org/node-gyp-build/-/node-gyp-build-4.6.1.tgz",
      "integrity": "sha512-24vnklJmyRS8ViBNI8KbtK/r/DmXQMRiOMXTNz2nrTnAYUwjmEEbnnpB/+kt+yWRv73bPsSPRFddrcIbAxSiMQ==",
      "optional": true,
      "bin": {
        "node-gyp-build": "bin.js",
        "node-gyp-build-optional": "optional.js",
        "node-gyp-build-test": "build-test.js"
      }
    },
    "node_modules/pako": {
      "version": "1.0.11",
      "resolved": "https://registry.npmjs.org/pako/-/pako-1.0.11.tgz",
      "integrity": "sha512-4hLB8Py4zZce5s4yd9XzopqwVv/yGNhV1Bl8NTmCq1763HeK2+EwVTv+leGeL13Dnh2wfbqowVPXCIO0z4taYw=="
    },
    "node_modules/piscina": {
      "version": "4.1.0",
      "resolved": "https://registry.npmjs.org/piscina/-/piscina-4.1.0.tgz",
      "integrity": "sha512-sjbLMi3sokkie+qmtZpkfMCUJTpbxJm/wvaPzU28vmYSsTSW8xk9JcFUsbqGJdtPpIQ9tuj+iDcTtgZjwnOSig==",
      "dependencies": {
        "eventemitter-asyncresource": "^1.0.0",
        "hdr-histogram-js": "^2.0.1",
        "hdr-histogram-percentiles-obj": "^3.0.0"
      },
      "optionalDependencies": {
        "nice-napi": "^1.0.2"
      }
    }
  }
}
